
Microsoft Visual Studio Solution File, Format Version 12.00
# Visual Studio Version 16
VisualStudioVersion = 16.0.29021.104
MinimumVisualStudioVersion = 10.0.40219.1
Project("{FAE04EC0-301F-11D3-BF4B-00C04F79EFBC}") = "BlazorLeftNav", "BlazorLeftNav\BlazorLeftNav.csproj", "{1729B81F-E652-4981-8096-601A1A486BA1}"
EndProject
Global
	GlobalSection(SolutionConfigurationPlatforms) = preSolution
		Debug|Any CPU = Debug|Any CPU
		Release|Any CPU = Release|Any CPU
	EndGlobalSection
	GlobalSection(ProjectConfigurationPlatforms) = postSolution
		{1729B81F-E652-4981-8096-601A1A486BA1}.Debug|Any CPU.ActiveCfg = Debug|Any CPU
		{1729B81F-E652-4981-8096-601A1A486BA1}.Debug|Any CPU.Build.0 = Debug|Any CPU
		{1729B81F-E652-4981-8096-601A1A486BA1}.Release|Any CPU.ActiveCfg = Release|Any CPU
		{1729B81F-E652-4981-8096-601A1A486BA1}.Release|Any CPU.Build.0 = Release|Any CPU
	EndGlobalSection
	GlobalSection(SolutionProperties) = preSolution
		HideSolutionNode = FALSE
	EndGlobalSection
	GlobalSection(ExtensibilityGlobals) = postSolution
		SolutionGuid = {1318A182-C3D4-4A32-BDC5-F6B848FE7B7C}
	EndGlobalSection
EndGlobal
